<Solution>
  <Folder Name="/SolutionItems/">
    <File Path=".editorconfig" />
    <File Path=".gitignore" />
    <File Path="Directory.Build.props" />
    <File Path="Directory.Packages.props" />
    <File Path="global.json" />
  </Folder>
  <Folder Name="/src/">
    <Project Path="src/WhoHolds.Cli/WhoHolds.Cli.csproj">
      <Platform Project="x64" />
    </Project>
    <Project Path="src/WhoHolds.Core/WhoHolds.Core.csproj">
      <Platform Project="x64" />
    </Project>
  </Folder>
  <Folder Name="/tests/">
    <Project Path="tests/WhoHolds.Tests.csproj" />
  </Folder>
</Solution>
